
Microsoft Visual Studio Solution File, Format Version 12.00
# Visual Studio Version 17
VisualStudioVersion = 17.7.34031.279
MinimumVisualStudioVersion = 10.0.40219.1
Project("{FAE04EC0-301F-11D3-BF4B-00C04F79EFBC}") = "Whack-A-Mole", "Whack-A-Mole\Whack-A-Mole.csproj", "{9215C968-1571-441A-8A0C-FD8D95D25392}"
EndProject
Global
	GlobalSection(SolutionConfigurationPlatforms) = preSolution
		Debug|Any CPU = Debug|Any CPU
		Release|Any CPU = Release|Any CPU
	EndGlobalSection
	GlobalSection(ProjectConfigurationPlatforms) = postSolution
		{9215C968-1571-441A-8A0C-FD8D95D25392}.Debug|Any CPU.ActiveCfg = Debug|Any CPU
		{9215C968-1571-441A-8A0C-FD8D95D25392}.Debug|Any CPU.Build.0 = Debug|Any CPU
		{9215C968-1571-441A-8A0C-FD8D95D25392}.Release|Any CPU.ActiveCfg = Release|Any CPU
		{9215C968-1571-441A-8A0C-FD8D95D25392}.Release|Any CPU.Build.0 = Release|Any CPU
	EndGlobalSection
	GlobalSection(SolutionProperties) = preSolution
		HideSolutionNode = FALSE
	EndGlobalSection
	GlobalSection(ExtensibilityGlobals) = postSolution
		SolutionGuid = {7A0F151D-B001-4B81-90AD-037EA19D81DB}
	EndGlobalSection
EndGlobal
